
Microsoft Visual Studio Solution File, Format Version 12.00
# Visual Studio Version 16
VisualStudioVersion = 16.0.30413.136
MinimumVisualStudioVersion = 10.0.40219.1
Project("{FAE04EC0-301F-11D3-BF4B-00C04F79EFBC}") = "Model", "Model\Model.csproj", "{823348BA-1FC8-463D-A5B7-DAD10697E529}"
EndProject
Global
	GlobalSection(SolutionConfigurationPlatforms) = preSolution
		Debug|Any CPU = Debug|Any CPU
		Release|Any CPU = Release|Any CPU
	EndGlobalSection
	GlobalSection(ProjectConfigurationPlatforms) = postSolution
		{823348BA-1FC8-463D-A5B7-DAD10697E529}.Debug|Any CPU.ActiveCfg = Debug|Any CPU
		{823348BA-1FC8-463D-A5B7-DAD10697E529}.Debug|Any CPU.Build.0 = Debug|Any CPU
		{823348BA-1FC8-463D-A5B7-DAD10697E529}.Release|Any CPU.ActiveCfg = Release|Any CPU
		{823348BA-1FC8-463D-A5B7-DAD10697E529}.Release|Any CPU.Build.0 = Release|Any CPU
	EndGlobalSection
	GlobalSection(SolutionProperties) = preSolution
		HideSolutionNode = FALSE
	EndGlobalSection
	GlobalSection(ExtensibilityGlobals) = postSolution
		SolutionGuid = {68B47C62-B236-4D3F-BF41-45F278F3DE27}
	EndGlobalSection
EndGlobal
